
Microsoft Visual Studio Solution File, Format Version 12.00
# Visual Studio Version 17
VisualStudioVersion = 17.12.35521.163 d17.12
MinimumVisualStudioVersion = 10.0.40219.1
Project("{FAE04EC0-301F-11D3-BF4B-00C04F79EFBC}") = "LINQ2_Demo", "LINQ-2\LINQ2_Demo.csproj", "{7463EA55-91F4-4A4C-A53A-0222732D02E5}"
EndProject
Project("{FAE04EC0-301F-11D3-BF4B-00C04F79EFBC}") = "LINQ2-Ass", "LINQ2-Ass\LINQ2-Ass.csproj", "{70FB029C-4419-4075-BD16-9E7189CADC25}"
EndProject
Global
	GlobalSection(SolutionConfigurationPlatforms) = preSolution
		Debug|Any CPU = Debug|Any CPU
		Release|Any CPU = Release|Any CPU
	EndGlobalSection
	GlobalSection(ProjectConfigurationPlatforms) = postSolution
		{7463EA55-91F4-4A4C-A53A-0222732D02E5}.Debug|Any CPU.ActiveCfg = Debug|Any CPU
		{7463EA55-91F4-4A4C-A53A-0222732D02E5}.Debug|Any CPU.Build.0 = Debug|Any CPU
		{7463EA55-91F4-4A4C-A53A-0222732D02E5}.Release|Any CPU.ActiveCfg = Release|Any CPU
		{7463EA55-91F4-4A4C-A53A-0222732D02E5}.Release|Any CPU.Build.0 = Release|Any CPU
		{70FB029C-4419-4075-BD16-9E7189CADC25}.Debug|Any CPU.ActiveCfg = Debug|Any CPU
		{70FB029C-4419-4075-BD16-9E7189CADC25}.Debug|Any CPU.Build.0 = Debug|Any CPU
		{70FB029C-4419-4075-BD16-9E7189CADC25}.Release|Any CPU.ActiveCfg = Release|Any CPU
		{70FB029C-4419-4075-BD16-9E7189CADC25}.Release|Any CPU.Build.0 = Release|Any CPU
	EndGlobalSection
	GlobalSection(SolutionProperties) = preSolution
		HideSolutionNode = FALSE
	EndGlobalSection
EndGlobal
